
Microsoft Visual Studio Solution File, Format Version 12.00
Project("{2150E333-8FDC-42A3-9474-1A3956D46DE8}") = "src", "src", "{27F29F00-E22C-4E68-91BD-7163C68C31BA}"
EndProject
Project("{2150E333-8FDC-42A3-9474-1A3956D46DE8}") = "api", "api", "{F855E718-E61A-4F20-AE46-84641822F211}"
EndProject
Project("{2150E333-8FDC-42A3-9474-1A3956D46DE8}") = "libraries", "libraries", "{9CFB8E19-2A79-4006-98F0-4AA4A879B363}"
EndProject
Project("{2150E333-8FDC-42A3-9474-1A3956D46DE8}") = "tests", "tests", "{CD4E52F6-1598-4FD8-B8CE-11910C61DDFB}"
EndProject
Project("{FAE04EC0-301F-11D3-BF4B-00C04F79EFBC}") = "VibeConnect.Storage", "src\libraries\VibeConnect.Storage\VibeConnect.Storage.csproj", "{F073A894-6868-4162-9B0B-DC3636685B8C}"
EndProject
Project("{FAE04EC0-301F-11D3-BF4B-00C04F79EFBC}") = "VibeConnect.Api", "src\api\VibeConnect.Api\VibeConnect.Api.csproj", "{D2E9932C-69DB-410B-A4F3-051381E5AD23}"
EndProject
Project("{2150E333-8FDC-42A3-9474-1A3956D46DE8}") = "modules", "modules", "{F850B004-F527-4C4D-8CC0-0CAC2DD17314}"
EndProject
Project("{FAE04EC0-301F-11D3-BF4B-00C04F79EFBC}") = "VibeConnect.Shared", "src\libraries\VibeConnect.Shared\VibeConnect.Shared.csproj", "{2E673852-63D2-4EFB-8A76-81716C79BED5}"
EndProject
Project("{FAE04EC0-301F-11D3-BF4B-00C04F79EFBC}") = "VibeConnect.Auth.Module", "src\modules\VibeConnect.Auth.Module\VibeConnect.Auth.Module.csproj", "{8B3D5A74-F653-44F3-90F8-A4CE64923CA7}"
EndProject
Project("{FAE04EC0-301F-11D3-BF4B-00C04F79EFBC}") = "VibeConnect.Profile.Module", "src\modules\VibeConnect.Profile.Module\VibeConnect.Profile.Module.csproj", "{EF88A830-2CA6-4EFF-9E51-EF35FBD96750}"
EndProject
Project("{FAE04EC0-301F-11D3-BF4B-00C04F79EFBC}") = "VibeConnect.Post.Module", "src\modules\VibeConnect.Post.Module\VibeConnect.Post.Module.csproj", "{9ED983F1-A2E8-4813-A762-FFA655B001DD}"
EndProject
Project("{FAE04EC0-301F-11D3-BF4B-00C04F79EFBC}") = "VibeConnect.Friendship.Module", "src\modules\VibeConnect.Friendship.Module\VibeConnect.Friendship.Module.csproj", "{97EF9173-665B-4ADD-89F7-6041C8AE4445}"
EndProject
Global
	GlobalSection(SolutionConfigurationPlatforms) = preSolution
		Debug|Any CPU = Debug|Any CPU
		Release|Any CPU = Release|Any CPU
	EndGlobalSection
	GlobalSection(NestedProjects) = preSolution
		{F855E718-E61A-4F20-AE46-84641822F211} = {27F29F00-E22C-4E68-91BD-7163C68C31BA}
		{9CFB8E19-2A79-4006-98F0-4AA4A879B363} = {27F29F00-E22C-4E68-91BD-7163C68C31BA}
		{F073A894-6868-4162-9B0B-DC3636685B8C} = {9CFB8E19-2A79-4006-98F0-4AA4A879B363}
		{D2E9932C-69DB-410B-A4F3-051381E5AD23} = {F855E718-E61A-4F20-AE46-84641822F211}
		{F850B004-F527-4C4D-8CC0-0CAC2DD17314} = {27F29F00-E22C-4E68-91BD-7163C68C31BA}
		{2E673852-63D2-4EFB-8A76-81716C79BED5} = {9CFB8E19-2A79-4006-98F0-4AA4A879B363}
		{8B3D5A74-F653-44F3-90F8-A4CE64923CA7} = {F850B004-F527-4C4D-8CC0-0CAC2DD17314}
		{EF88A830-2CA6-4EFF-9E51-EF35FBD96750} = {F850B004-F527-4C4D-8CC0-0CAC2DD17314}
		{9ED983F1-A2E8-4813-A762-FFA655B001DD} = {F850B004-F527-4C4D-8CC0-0CAC2DD17314}
		{97EF9173-665B-4ADD-89F7-6041C8AE4445} = {F850B004-F527-4C4D-8CC0-0CAC2DD17314}
	EndGlobalSection
	GlobalSection(ProjectConfigurationPlatforms) = postSolution
		{F073A894-6868-4162-9B0B-DC3636685B8C}.Debug|Any CPU.ActiveCfg = Debug|Any CPU
		{F073A894-6868-4162-9B0B-DC3636685B8C}.Debug|Any CPU.Build.0 = Debug|Any CPU
		{F073A894-6868-4162-9B0B-DC3636685B8C}.Release|Any CPU.ActiveCfg = Release|Any CPU
		{F073A894-6868-4162-9B0B-DC3636685B8C}.Release|Any CPU.Build.0 = Release|Any CPU
		{D2E9932C-69DB-410B-A4F3-051381E5AD23}.Debug|Any CPU.ActiveCfg = Debug|Any CPU
		{D2E9932C-69DB-410B-A4F3-051381E5AD23}.Debug|Any CPU.Build.0 = Debug|Any CPU
		{D2E9932C-69DB-410B-A4F3-051381E5AD23}.Release|Any CPU.ActiveCfg = Release|Any CPU
		{D2E9932C-69DB-410B-A4F3-051381E5AD23}.Release|Any CPU.Build.0 = Release|Any CPU
		{2E673852-63D2-4EFB-8A76-81716C79BED5}.Debug|Any CPU.ActiveCfg = Debug|Any CPU
		{2E673852-63D2-4EFB-8A76-81716C79BED5}.Debug|Any CPU.Build.0 = Debug|Any CPU
		{2E673852-63D2-4EFB-8A76-81716C79BED5}.Release|Any CPU.ActiveCfg = Release|Any CPU
		{2E673852-63D2-4EFB-8A76-81716C79BED5}.Release|Any CPU.Build.0 = Release|Any CPU
		{8B3D5A74-F653-44F3-90F8-A4CE64923CA7}.Debug|Any CPU.ActiveCfg = Debug|Any CPU
		{8B3D5A74-F653-44F3-90F8-A4CE64923CA7}.Debug|Any CPU.Build.0 = Debug|Any CPU
		{8B3D5A74-F653-44F3-90F8-A4CE64923CA7}.Release|Any CPU.ActiveCfg = Release|Any CPU
		{8B3D5A74-F653-44F3-90F8-A4CE64923CA7}.Release|Any CPU.Build.0 = Release|Any CPU
		{EF88A830-2CA6-4EFF-9E51-EF35FBD96750}.Debug|Any CPU.ActiveCfg = Debug|Any CPU
		{EF88A830-2CA6-4EFF-9E51-EF35FBD96750}.Debug|Any CPU.Build.0 = Debug|Any CPU
		{EF88A830-2CA6-4EFF-9E51-EF35FBD96750}.Release|Any CPU.ActiveCfg = Release|Any CPU
		{EF88A830-2CA6-4EFF-9E51-EF35FBD96750}.Release|Any CPU.Build.0 = Release|Any CPU
		{9ED983F1-A2E8-4813-A762-FFA655B001DD}.Debug|Any CPU.ActiveCfg = Debug|Any CPU
		{9ED983F1-A2E8-4813-A762-FFA655B001DD}.Debug|Any CPU.Build.0 = Debug|Any CPU
		{9ED983F1-A2E8-4813-A762-FFA655B001DD}.Release|Any CPU.ActiveCfg = Release|Any CPU
		{9ED983F1-A2E8-4813-A762-FFA655B001DD}.Release|Any CPU.Build.0 = Release|Any CPU
		{97EF9173-665B-4ADD-89F7-6041C8AE4445}.Debug|Any CPU.ActiveCfg = Debug|Any CPU
		{97EF9173-665B-4ADD-89F7-6041C8AE4445}.Debug|Any CPU.Build.0 = Debug|Any CPU
		{97EF9173-665B-4ADD-89F7-6041C8AE4445}.Release|Any CPU.ActiveCfg = Release|Any CPU
		{97EF9173-665B-4ADD-89F7-6041C8AE4445}.Release|Any CPU.Build.0 = Release|Any CPU
	EndGlobalSection
EndGlobal
